# This file is maintained automatically by "terraform init".
# Manual edits may be lost in future updates.

provider "registry.terraform.io/hashicorp/azuread" {
  version     = "2.43.0"
  constraints = "2.43.0"
  hashes = [
    "h1:/wPCaaEC7By9zWMxYmPMiLNu+zuYuFUyl5mkhCwwi8w=",
    "h1:83hGDTWccRJXsKGg1VeYJkBeHwE2cCTRKFCZud4iWQo=",
    "h1:bp9HeofaEJDiWtyLMwIEYVgxP5yoMs/dQhjCYsbXU34=",
    "h1:jmvCGhwc+jUip0Hy4PI1ZiO/11vdQ3TTp3YaBTKFGiQ=",
    "h1:tU/kGFohqNia+uVFT1ujYKZRH2lvEP73LUhQDJtO1w4=",
    "zh:1c3e89cf19118fc07d7b04257251fc9897e722c16e0a0df7b07fcd261f8c12e7",
    "zh:2225e2e97ccba4ed1d84f1d430f1ebd837943fe187e57f24f1763172dda61556",
    "zh:24708cb09411a766ff397e05cae49058ca38edc718db303a7faef9823402737d",
    "zh:3a61167ff58d585abd56233731a8fd649c7c04272bd5b878f963883496e19192",
    "zh:433f557634b5e663caaeb68c504c7771c186eba7ecf5d4030437956bc6599ecb",
    "zh:5e8cc3b3bcc22d217cf588c821ce091c7d40f0815aecc1addde5355c17cb381d",
    "zh:7b008c376097cd60259d43f58fcb33fee56fe9aebb4a94ed7958868ee501d7d0",
    "zh:908907fd38537583ea60dccbf73055ae1a2963acc399be4f8e9a6616a9a537db",
    "zh:966586cfd850606bab7dd2242c5b9e35d3a7178f64eaac0b44dea54c104c8169",
    "zh:a624286401913d3ec44b4825e2c5ae38ac94fb4950aeed8f4b91d09c898f8cce",
    "zh:b5171a4463fd0d9b0ce2a08605499b6d99fe93d6fc3f4143e9a26201065cc90a",
    "zh:cdcfeeb9db4dbdc6f1fb5644453b37dbd0025b4f3127e9ff348f1e62d66b493e",
  ]
}

provider "registry.terraform.io/hashicorp/azurerm" {
  version     = "3.92.0"
  constraints = "3.92.0"
  hashes = [
    "h1:+bZPRgjpUA6LivvMIS1UdwRWUgzoYBp/nhEpbL4aXHM=",
    "h1:D5lngW1uKlPM2EUCdNG1f2FvPGHYRklDFN8b2jPCIpM=",
    "h1:nTP2ZYfuEpMP+PkkgRdhQphNmWWJuKdE9Z4TzeC7ydo=",
    "h1:sqVZftg9rJGDiiPiY9l1V/a+5CWkxNcj22sBu8HsJBY=",
    "h1:swoRk2drVrD8v7GrW/2OJSk06v2I2zGk3XPAgBDbw9A=",
    "zh:04292e149676ba956d738e85faeb6d6ebd3759e8310f1c4155e67402eb5ae0f7",
    "zh:0963b4528f25d01d5c733e17de31e2c0b94790fd02931b2a47cd051b20dd0d96",
    "zh:133563e16e8a4a7139ac11d94e68de8d1d5e3a62a532e64ac936735d7b1e04db",
    "zh:2b219f1b40881d3bdd89257c916f255a7e36904ddc65dbbafee80763661b4636",
    "zh:4b4e11a4e3716b290b3b173dfd15b06814b2f6f148f663e3c67a677c95526339",
    "zh:5607c7bff3019c3b31488be1a8a9d77a96d27b199a1d8b789e4c2d4c90805674",
    "zh:6469aef7728947dacb47785e6082d2d95ebd336a8798f3be6cece5a13145108c",
    "zh:69e563f4e6397e1ebaef6f554d296238ec1d9dadc4b865c36743bd8366a888da",
    "zh:887a223b7a9ec4e66634dbb65d9dcc53f0be06d058d9a209927ad49702ae790c",
    "zh:b03c273367885c5489a24c31859af81ea58cb169431c0da97a175945ec968f53",
    "zh:dd7b704ceaf98ce591e111a9c5085465c946f4f8f357089c0e27e990a669ba39",
    "zh:f569b65999264a9416862bca5cd2a6177d94ccb0424f3a4ef424428912b9cb3c",
  ]
}
